
Microsoft Visual Studio Solution File, Format Version 12.00
# Visual Studio Version 17
VisualStudioVersion = 17.0.31903.59
MinimumVisualStudioVersion = 10.0.40219.1
Project("{2150E333-8FDC-42A3-9474-1A3956D46DE8}") = "Test", "Test", "{C369C6F6-2836-455A-BE8B-6B453CFE1409}"
EndProject
Project("{2150E333-8FDC-42A3-9474-1A3956D46DE8}") = "Src", "Src", "{8AAD6F42-8258-4B53-980A-9515A1B43E79}"
EndProject
Project("{FAE04EC0-301F-11D3-BF4B-00C04F79EFBC}") = "Hogwarts.WebApp", "Src\WebApp\Hogwarts.WebApp\Hogwarts.WebApp.csproj", "{8EABD173-76B8-4AEA-B8EF-028CFAC109E2}"
EndProject
Project("{2150E333-8FDC-42A3-9474-1A3956D46DE8}") = "WebApp", "WebApp", "{4CACF5C3-D7E0-4DDA-9C5B-896BA30F3F1C}"
EndProject
Project("{2150E333-8FDC-42A3-9474-1A3956D46DE8}") = "Core", "Core", "{9ABE6AE1-3B6B-448D-8110-81D377417444}"
EndProject
Project("{FAE04EC0-301F-11D3-BF4B-00C04F79EFBC}") = "Hogwarts.Core", "Src\Core\Hogwarts.Core\Hogwarts.Core.csproj", "{69E3BF9F-C043-453F-9DE7-DF96F8E97BDE}"
EndProject
Project("{2150E333-8FDC-42A3-9474-1A3956D46DE8}") = "Core.EF", "Core.EF", "{2B517B34-BC58-4DAC-BA5D-59F3D3C6ABB8}"
EndProject
Project("{FAE04EC0-301F-11D3-BF4B-00C04F79EFBC}") = "Hogwarts.Core.EF", "Hogwarts.Core.EF\Hogwarts.Core.EF.csproj", "{616006C3-0420-4878-9EF4-D1EEC2FA9BFB}"
EndProject
Project("{2150E333-8FDC-42A3-9474-1A3956D46DE8}") = "Domain", "Domain", "{DBDDB458-5209-4784-88F5-57F6950E66E1}"
EndProject
Project("{FAE04EC0-301F-11D3-BF4B-00C04F79EFBC}") = "Hogwarts.Domain", "Src\Domain\Hogwarts.Domain\Hogwarts.Domain.csproj", "{E3319C47-D4D6-4195-B84C-DFB7D9C72EF6}"
EndProject
Project("{2150E333-8FDC-42A3-9474-1A3956D46DE8}") = "Infrastructure", "Infrastructure", "{268764BC-C2D8-4418-A127-13CCC068406D}"
EndProject
Project("{FAE04EC0-301F-11D3-BF4B-00C04F79EFBC}") = "Hogwarts.Infrastructure", "Src\Infrastructure\Hogwarts.Infrastructure\Hogwarts.Infrastructure.csproj", "{BC94BB20-F966-4231-8EC8-B81A9B3A1074}"
EndProject
Project("{2150E333-8FDC-42A3-9474-1A3956D46DE8}") = "Application", "Application", "{7E86B02D-BF36-433E-9DD4-7EAC0E4AFF78}"
EndProject
Project("{FAE04EC0-301F-11D3-BF4B-00C04F79EFBC}") = "Hogwarts.Application", "Src\Application\Hogwarts.Application\Hogwarts.Application.csproj", "{21CCA408-832E-460E-9675-81F3C7F509C4}"
EndProject
Global
	GlobalSection(SolutionConfigurationPlatforms) = preSolution
		Debug|Any CPU = Debug|Any CPU
		Release|Any CPU = Release|Any CPU
	EndGlobalSection
	GlobalSection(ProjectConfigurationPlatforms) = postSolution
		{8EABD173-76B8-4AEA-B8EF-028CFAC109E2}.Debug|Any CPU.ActiveCfg = Debug|Any CPU
		{8EABD173-76B8-4AEA-B8EF-028CFAC109E2}.Debug|Any CPU.Build.0 = Debug|Any CPU
		{8EABD173-76B8-4AEA-B8EF-028CFAC109E2}.Release|Any CPU.ActiveCfg = Release|Any CPU
		{8EABD173-76B8-4AEA-B8EF-028CFAC109E2}.Release|Any CPU.Build.0 = Release|Any CPU
		{69E3BF9F-C043-453F-9DE7-DF96F8E97BDE}.Debug|Any CPU.ActiveCfg = Debug|Any CPU
		{69E3BF9F-C043-453F-9DE7-DF96F8E97BDE}.Debug|Any CPU.Build.0 = Debug|Any CPU
		{69E3BF9F-C043-453F-9DE7-DF96F8E97BDE}.Release|Any CPU.ActiveCfg = Release|Any CPU
		{69E3BF9F-C043-453F-9DE7-DF96F8E97BDE}.Release|Any CPU.Build.0 = Release|Any CPU
		{616006C3-0420-4878-9EF4-D1EEC2FA9BFB}.Debug|Any CPU.ActiveCfg = Debug|Any CPU
		{616006C3-0420-4878-9EF4-D1EEC2FA9BFB}.Debug|Any CPU.Build.0 = Debug|Any CPU
		{616006C3-0420-4878-9EF4-D1EEC2FA9BFB}.Release|Any CPU.ActiveCfg = Release|Any CPU
		{616006C3-0420-4878-9EF4-D1EEC2FA9BFB}.Release|Any CPU.Build.0 = Release|Any CPU
		{E3319C47-D4D6-4195-B84C-DFB7D9C72EF6}.Debug|Any CPU.ActiveCfg = Debug|Any CPU
		{E3319C47-D4D6-4195-B84C-DFB7D9C72EF6}.Debug|Any CPU.Build.0 = Debug|Any CPU
		{E3319C47-D4D6-4195-B84C-DFB7D9C72EF6}.Release|Any CPU.ActiveCfg = Release|Any CPU
		{E3319C47-D4D6-4195-B84C-DFB7D9C72EF6}.Release|Any CPU.Build.0 = Release|Any CPU
		{BC94BB20-F966-4231-8EC8-B81A9B3A1074}.Debug|Any CPU.ActiveCfg = Debug|Any CPU
		{BC94BB20-F966-4231-8EC8-B81A9B3A1074}.Debug|Any CPU.Build.0 = Debug|Any CPU
		{BC94BB20-F966-4231-8EC8-B81A9B3A1074}.Release|Any CPU.ActiveCfg = Release|Any CPU
		{BC94BB20-F966-4231-8EC8-B81A9B3A1074}.Release|Any CPU.Build.0 = Release|Any CPU
		{21CCA408-832E-460E-9675-81F3C7F509C4}.Debug|Any CPU.ActiveCfg = Debug|Any CPU
		{21CCA408-832E-460E-9675-81F3C7F509C4}.Debug|Any CPU.Build.0 = Debug|Any CPU
		{21CCA408-832E-460E-9675-81F3C7F509C4}.Release|Any CPU.ActiveCfg = Release|Any CPU
		{21CCA408-832E-460E-9675-81F3C7F509C4}.Release|Any CPU.Build.0 = Release|Any CPU
	EndGlobalSection
	GlobalSection(SolutionProperties) = preSolution
		HideSolutionNode = FALSE
	EndGlobalSection
	GlobalSection(NestedProjects) = preSolution
		{8EABD173-76B8-4AEA-B8EF-028CFAC109E2} = {4CACF5C3-D7E0-4DDA-9C5B-896BA30F3F1C}
		{4CACF5C3-D7E0-4DDA-9C5B-896BA30F3F1C} = {8AAD6F42-8258-4B53-980A-9515A1B43E79}
		{9ABE6AE1-3B6B-448D-8110-81D377417444} = {8AAD6F42-8258-4B53-980A-9515A1B43E79}
		{69E3BF9F-C043-453F-9DE7-DF96F8E97BDE} = {9ABE6AE1-3B6B-448D-8110-81D377417444}
		{2B517B34-BC58-4DAC-BA5D-59F3D3C6ABB8} = {8AAD6F42-8258-4B53-980A-9515A1B43E79}
		{616006C3-0420-4878-9EF4-D1EEC2FA9BFB} = {2B517B34-BC58-4DAC-BA5D-59F3D3C6ABB8}
		{DBDDB458-5209-4784-88F5-57F6950E66E1} = {8AAD6F42-8258-4B53-980A-9515A1B43E79}
		{E3319C47-D4D6-4195-B84C-DFB7D9C72EF6} = {DBDDB458-5209-4784-88F5-57F6950E66E1}
		{268764BC-C2D8-4418-A127-13CCC068406D} = {8AAD6F42-8258-4B53-980A-9515A1B43E79}
		{BC94BB20-F966-4231-8EC8-B81A9B3A1074} = {268764BC-C2D8-4418-A127-13CCC068406D}
		{7E86B02D-BF36-433E-9DD4-7EAC0E4AFF78} = {8AAD6F42-8258-4B53-980A-9515A1B43E79}
		{21CCA408-832E-460E-9675-81F3C7F509C4} = {7E86B02D-BF36-433E-9DD4-7EAC0E4AFF78}
	EndGlobalSection
	GlobalSection(ExtensibilityGlobals) = postSolution
		SolutionGuid = {9F5559FB-63BF-43A2-B0B4-A65C92A27844}
	EndGlobalSection
EndGlobal
